
Microsoft Visual Studio Solution File, Format Version 12.00
# Visual Studio Version 17
VisualStudioVersion = 17.13.35825.156 d17.13
MinimumVisualStudioVersion = 10.0.40219.1
Project("{FAE04EC0-301F-11D3-BF4B-00C04F79EFBC}") = "Irbis", "Irbis\Irbis.csproj", "{79868E57-6089-4F21-B969-055D71050852}"
EndProject
Global
	GlobalSection(SolutionConfigurationPlatforms) = preSolution
		Debug|Any CPU = Debug|Any CPU
		Release|Any CPU = Release|Any CPU
	EndGlobalSection
	GlobalSection(ProjectConfigurationPlatforms) = postSolution
		{79868E57-6089-4F21-B969-055D71050852}.Debug|Any CPU.ActiveCfg = Debug|Any CPU
		{79868E57-6089-4F21-B969-055D71050852}.Debug|Any CPU.Build.0 = Debug|Any CPU
		{79868E57-6089-4F21-B969-055D71050852}.Release|Any CPU.ActiveCfg = Release|Any CPU
		{79868E57-6089-4F21-B969-055D71050852}.Release|Any CPU.Build.0 = Release|Any CPU
	EndGlobalSection
	GlobalSection(SolutionProperties) = preSolution
		HideSolutionNode = FALSE
	EndGlobalSection
	GlobalSection(ExtensibilityGlobals) = postSolution
		SolutionGuid = {B05FE1FB-4EEE-4413-A431-19FDF69266D9}
	EndGlobalSection
EndGlobal
